
Microsoft Visual Studio Solution File, Format Version 12.00
# Visual Studio 15
VisualStudioVersion = 15.0.27130.0
MinimumVisualStudioVersion = 10.0.40219.1
Project("{FAE04EC0-301F-11D3-BF4B-00C04F79EFBC}") = "X-Gate", "X-Gate\X-Gate.csproj", "{829C5781-1037-42BF-8736-3459543528C0}"
EndProject
Global
	GlobalSection(SolutionConfigurationPlatforms) = preSolution
		Debug|Any CPU = Debug|Any CPU
		Release|Any CPU = Release|Any CPU
	EndGlobalSection
	GlobalSection(ProjectConfigurationPlatforms) = postSolution
		{829C5781-1037-42BF-8736-3459543528C0}.Debug|Any CPU.ActiveCfg = Debug|Any CPU
		{829C5781-1037-42BF-8736-3459543528C0}.Debug|Any CPU.Build.0 = Debug|Any CPU
		{829C5781-1037-42BF-8736-3459543528C0}.Release|Any CPU.ActiveCfg = Release|Any CPU
		{829C5781-1037-42BF-8736-3459543528C0}.Release|Any CPU.Build.0 = Release|Any CPU
	EndGlobalSection
	GlobalSection(SolutionProperties) = preSolution
		HideSolutionNode = FALSE
	EndGlobalSection
	GlobalSection(ExtensibilityGlobals) = postSolution
		SolutionGuid = {11D21449-E97D-42B4-AFC6-31A0BA3CB5BB}
	EndGlobalSection
EndGlobal
